
Microsoft Visual Studio Solution File, Format Version 12.00
# Visual Studio Version 17
VisualStudioVersion = 17.7.34202.233
MinimumVisualStudioVersion = 10.0.40219.1
Project("{FAE04EC0-301F-11D3-BF4B-00C04F79EFBC}") = "biostack_module", "biostack_module.csproj", "{5481388F-0C74-47CC-8A46-AFA33A977415}"
EndProject
Global
	GlobalSection(SolutionConfigurationPlatforms) = preSolution
		Debug|Any CPU = Debug|Any CPU
		Release|Any CPU = Release|Any CPU
	EndGlobalSection
	GlobalSection(ProjectConfigurationPlatforms) = postSolution
		{5481388F-0C74-47CC-8A46-AFA33A977415}.Debug|Any CPU.ActiveCfg = Debug|Any CPU
		{5481388F-0C74-47CC-8A46-AFA33A977415}.Debug|Any CPU.Build.0 = Debug|Any CPU
		{5481388F-0C74-47CC-8A46-AFA33A977415}.Release|Any CPU.ActiveCfg = Release|Any CPU
		{5481388F-0C74-47CC-8A46-AFA33A977415}.Release|Any CPU.Build.0 = Release|Any CPU
	EndGlobalSection
	GlobalSection(SolutionProperties) = preSolution
		HideSolutionNode = FALSE
	EndGlobalSection
	GlobalSection(ExtensibilityGlobals) = postSolution
		SolutionGuid = {952F0BA4-761D-48F2-B183-F318A2669DD0}
	EndGlobalSection
EndGlobal
